// !$*UTF8*$!
{
	archiveVersion = 1;
	classes = {
	};
	objectVersion = 48;
	objects = {

/* Begin PBXBuildFile section */
		AF7D1A5E20423337009ADAFC /* AppDelegate.swift in Sources */ = {isa = PBXBuildFile; fileRef = AF7D1A5D20423337009ADAFC /* AppDelegate.swift */; };
		AF7D1A6020423337009ADAFC /* ViewController.swift in Sources */ = {isa = PBXBuildFile; fileRef = AF7D1A5F20423337009ADAFC /* ViewController.swift */; };
		AF7D1A6320423337009ADAFC /* Main.storyboard in Resources */ = {isa = PBXBuildFile; fileRef = AF7D1A6120423337009ADAFC /* Main.storyboard */; };
		AF7D1A6520423337009ADAFC /* Assets.xcassets in Resources */ = {isa = PBXBuildFile; fileRef = AF7D1A6420423337009ADAFC /* Assets.xcassets */; };
		AF7D1A6820423337009ADAFC /* LaunchScreen.storyboard in Resources */ = {isa = PBXBuildFile; fileRef = AF7D1A6620423337009ADAFC /* LaunchScreen.storyboard */; };
		AF7D1A7320423338009ADAFC /* _d_SnakeTests.swift in Sources */ = {isa = PBXBuildFile; fileRef = AF7D1A7220423338009ADAFC /* _d_SnakeTests.swift */; };
		AF7D1A7E20423338009ADAFC /* _d_SnakeUITests.swift in Sources */ = {isa = PBXBuildFile; fileRef = AF7D1A7D20423338009ADAFC /* _d_SnakeUITests.swift */; };
/* End PBXBuildFile section */

/* Begin PBXContainerItemProxy section */
		AF7D1A6F20423338009ADAFC /* PBXContainerItemProxy */ = {
			isa = PBXContainerItemProxy;
			containerPortal = AF7D1A5220423337009ADAFC /* Project object */;
			proxyType = 1;
			remoteGlobalIDString = AF7D1A5920423337009ADAFC;
			remoteInfo = "3d-Snake";
		};
		AF7D1A7A20423338009ADAFC /* PBXContainerItemProxy */ = {
			isa = PBXContainerItemProxy;
			containerPortal = AF7D1A5220423337009ADAFC /* Project object */;
			proxyType = 1;
			remoteGlobalIDString = AF7D1A5920423337009ADAFC;
			remoteInfo = "3d-Snake";
		};
/* End PBXContainerItemProxy section */

/* Begin PBXFileReference section */
		AF7D1A5A20423337009ADAFC /* 3d-Snake.app */ = {isa = PBXFileReference; explicitFileType = wrapper.application; includeInIndex = 0; path = "3d-Snake.app"; sourceTree = BUILT_PRODUCTS_DIR; };
		AF7D1A5D20423337009ADAFC /* AppDelegate.swift */ = {isa = PBXFileReference; lastKnownFileType = sourcecode.swift; path = AppDelegate.swift; sourceTree = "<group>"; };
		AF7D1A5F20423337009ADAFC /* ViewController.swift */ = {isa = PBXFileReference; lastKnownFileType = sourcecode.swift; path = ViewController.swift; sourceTree = "<group>"; };
		AF7D1A6220423337009ADAFC /* Base */ = {isa = PBXFileReference; lastKnownFileType = file.storyboard; name = Base; path = Base.lproj/Main.storyboard; sourceTree = "<group>"; };
		AF7D1A6420423337009ADAFC /* Assets.xcassets */ = {isa = PBXFileReference; lastKnownFileType = folder.assetcatalog; path = Assets.xcassets; sourceTree = "<group>"; };
		AF7D1A6720423337009ADAFC /* Base */ = {isa = PBXFileReference; lastKnownFileType = file.storyboard; name = Base; path = Base.lproj/LaunchScreen.storyboard; sourceTree = "<group>"; };
		AF7D1A6920423337009ADAFC /* Info.plist */ = {isa = PBXFileReference; lastKnownFileType = text.plist.xml; path = Info.plist; sourceTree = "<group>"; };
		AF7D1A6E20423338009ADAFC /* 3d-SnakeTests.xctest */ = {isa = PBXFileReference; explicitFileType = wrapper.cfbundle; includeInIndex = 0; path = "3d-SnakeTests.xctest"; sourceTree = BUILT_PRODUCTS_DIR; };
		AF7D1A7220423338009ADAFC /* _d_SnakeTests.swift */ = {isa = PBXFileReference; lastKnownFileType = sourcecode.swift; path = _d_SnakeTests.swift; sourceTree = "<group>"; };
		AF7D1A7420423338009ADAFC /* Info.plist */ = {isa = PBXFileReference; lastKnownFileType = text.plist.xml; path = Info.plist; sourceTree = "<group>"; };
		AF7D1A7920423338009ADAFC /* 3d-SnakeUITests.xctest */ = {isa = PBXFileReference; explicitFileType = wrapper.cfbundle; includeInIndex = 0; path = "3d-SnakeUITests.xctest"; sourceTree = BUILT_PRODUCTS_DIR; };
		AF7D1A7D20423338009ADAFC /* _d_SnakeUITests.swift */ = {isa = PBXFileReference; lastKnownFileType = sourcecode.swift; path = _d_SnakeUITests.swift; sourceTree = "<group>"; };
		AF7D1A7F20423338009ADAFC /* Info.plist */ = {isa = PBXFileReference; lastKnownFileType = text.plist.xml; path = Info.plist; sourceTree = "<group>"; };
/* End PBXFileReference section */

/* Begin PBXFrameworksBuildPhase section */
		AF7D1A5720423337009ADAFC /* Frameworks */ = {
			isa = PBXFrameworksBuildPhase;
			buildActionMask = 2147483647;
			files = (
			);
			runOnlyForDeploymentPostprocessing = 0;
		};
		AF7D1A6B20423338009ADAFC /* Frameworks */ = {
			isa = PBXFrameworksBuildPhase;
			buildActionMask = 2147483647;
			files = (
			);
			runOnlyForDeploymentPostprocessing = 0;
		};
		AF7D1A7620423338009ADAFC /* Frameworks */ = {
			isa = PBXFrameworksBuildPhase;
			buildActionMask = 2147483647;
			files = (
			);
			runOnlyForDeploymentPostprocessing = 0;
		};
/* End PBXFrameworksBuildPhase section */

/* Begin PBXGroup section */
		AF7D1A5120423337009ADAFC = {
			isa = PBXGroup;
			children = (
				AF7D1A5C20423337009ADAFC /* 3d-Snake */,
				AF7D1A7120423338009ADAFC /* 3d-SnakeTests */,
				AF7D1A7C20423338009ADAFC /* 3d-SnakeUITests */,
				AF7D1A5B20423337009ADAFC /* Products */,
			);
			sourceTree = "<group>";
		};
		AF7D1A5B20423337009ADAFC /* Products */ = {
			isa = PBXGroup;
			children = (
				AF7D1A5A20423337009ADAFC /* 3d-Snake.app */,
				AF7D1A6E20423338009ADAFC /* 3d-SnakeTests.xctest */,
				AF7D1A7920423338009ADAFC /* 3d-SnakeUITests.xctest */,
			);
			name = Products;
			sourceTree = "<group>";
		};
		AF7D1A5C20423337009ADAFC /* 3d-Snake */ = {
			isa = PBXGroup;
			children = (
				AF7D1A5D20423337009ADAFC /* AppDelegate.swift */,
				AF7D1A5F20423337009ADAFC /* ViewController.swift */,
				AF7D1A6120423337009ADAFC /* Main.storyboard */,
				AF7D1A6420423337009ADAFC /* Assets.xcassets */,
				AF7D1A6620423337009ADAFC /* LaunchScreen.storyboard */,
				AF7D1A6920423337009ADAFC /* Info.plist */,
			);
			path = "3d-Snake";
			sourceTree = "<group>";
		};
		AF7D1A7120423338009ADAFC /* 3d-SnakeTests */ = {
			isa = PBXGroup;
			children = (
				AF7D1A7220423338009ADAFC /* _d_SnakeTests.swift */,
				AF7D1A7420423338009ADAFC /* Info.plist */,
			);
			path = "3d-SnakeTests";
			sourceTree = "<group>";
		};
		AF7D1A7C20423338009ADAFC /* 3d-SnakeUITests */ = {
			isa = PBXGroup;
			children = (
				AF7D1A7D20423338009ADAFC /* _d_SnakeUITests.swift */,
				AF7D1A7F20423338009ADAFC /* Info.plist */,
			);
			path = "3d-SnakeUITests";
			sourceTree = "<group>";
		};
/* End PBXGroup section */

/* Begin PBXNativeTarget section */
		AF7D1A5920423337009ADAFC /* 3d-Snake */ = {
			isa = PBXNativeTarget;
			buildConfigurationList = AF7D1A8220423338009ADAFC /* Build configuration list for PBXNativeTarget "3d-Snake" */;
			buildPhases = (
				AF7D1A5620423337009ADAFC /* Sources */,
				AF7D1A5720423337009ADAFC /* Frameworks */,
				AF7D1A5820423337009ADAFC /* Resources */,
			);
			buildRules = (
			);
			dependencies = (
			);
			name = "3d-Snake";
			productName = "3d-Snake";
			productReference = AF7D1A5A20423337009ADAFC /* 3d-Snake.app */;
			productType = "com.apple.product-type.application";
		};
		AF7D1A6D20423338009ADAFC /* 3d-SnakeTests */ = {
			isa = PBXNativeTarget;
			buildConfigurationList = AF7D1A8520423338009ADAFC /* Build configuration list for PBXNativeTarget "3d-SnakeTests" */;
			buildPhases = (
				AF7D1A6A20423338009ADAFC /* Sources */,
				AF7D1A6B20423338009ADAFC /* Frameworks */,
				AF7D1A6C20423338009ADAFC /* Resources */,
			);
			buildRules = (
			);
			dependencies = (
				AF7D1A7020423338009ADAFC /* PBXTargetDependency */,
			);
			name = "3d-SnakeTests";
			productName = "3d-SnakeTests";
			productReference = AF7D1A6E20423338009ADAFC /* 3d-SnakeTests.xctest */;
			productType = "com.apple.product-type.bundle.unit-test";
		};
		AF7D1A7820423338009ADAFC /* 3d-SnakeUITests */ = {
			isa = PBXNativeTarget;
			buildConfigurationList = AF7D1A8820423338009ADAFC /* Build configuration list for PBXNativeTarget "3d-SnakeUITests" */;
			buildPhases = (
				AF7D1A7520423338009ADAFC /* Sources */,
				AF7D1A7620423338009ADAFC /* Frameworks */,
				AF7D1A7720423338009ADAFC /* Resources */,
			);
			buildRules = (
			);
			dependencies = (
				AF7D1A7B20423338009ADAFC /* PBXTargetDependency */,
			);
			name = "3d-SnakeUITests";
			productName = "3d-SnakeUITests";
			productReference = AF7D1A7920423338009ADAFC /* 3d-SnakeUITests.xctest */;
			productType = "com.apple.product-type.bundle.ui-testing";
		};
/* End PBXNativeTarget section */

/* Begin PBXProject section */
		AF7D1A5220423337009ADAFC /* Project object */ = {
			isa = PBXProject;
			attributes = {
				LastSwiftUpdateCheck = 0920;
				LastUpgradeCheck = 0920;
				ORGANIZATIONNAME = "Muhammad Omer Aslam";
				TargetAttributes = {
					AF7D1A5920423337009ADAFC = {
						CreatedOnToolsVersion = 9.2;
						ProvisioningStyle = Automatic;
					};
					AF7D1A6D20423338009ADAFC = {
						CreatedOnToolsVersion = 9.2;
						ProvisioningStyle = Automatic;
						TestTargetID = AF7D1A5920423337009ADAFC;
					};
					AF7D1A7820423338009ADAFC = {
						CreatedOnToolsVersion = 9.2;
						ProvisioningStyle = Automatic;
						TestTargetID = AF7D1A5920423337009ADAFC;
					};
				};
			};
			buildConfigurationList = AF7D1A5520423337009ADAFC /* Build configuration list for PBXProject "3d-Snake" */;
			compatibilityVersion = "Xcode 8.0";
			developmentRegion = en;
			hasScannedForEncodings = 0;
			knownRegions = (
				en,
				Base,
			);
			mainGroup = AF7D1A5120423337009ADAFC;
			productRefGroup = AF7D1A5B20423337009ADAFC /* Products */;
			projectDirPath = "";
			projectRoot = "";
			targets = (
				AF7D1A5920423337009ADAFC /* 3d-Snake */,
				AF7D1A6D20423338009ADAFC /* 3d-SnakeTests */,
				AF7D1A7820423338009ADAFC /* 3d-SnakeUITests */,
			);
		};
/* End PBXProject section */

/* Begin PBXResourcesBuildPhase section */
		AF7D1A5820423337009ADAFC /* Resources */ = {
			isa = PBXResourcesBuildPhase;
			buildActionMask = 2147483647;
			files = (
				AF7D1A6820423337009ADAFC /* LaunchScreen.storyboard in Resources */,
				AF7D1A6520423337009ADAFC /* Assets.xcassets in Resources */,
				AF7D1A6320423337009ADAFC /* Main.storyboard in Resources */,
			);
			runOnlyForDeploymentPostprocessing = 0;
		};
		AF7D1A6C20423338009ADAFC /* Resources */ = {
			isa = PBXResourcesBuildPhase;
			buildActionMask = 2147483647;
			files = (
			);
			runOnlyForDeploymentPostprocessing = 0;
		};
		AF7D1A7720423338009ADAFC /* Resources */ = {
			isa = PBXResourcesBuildPhase;
			buildActionMask = 2147483647;
			files = (
			);
			runOnlyForDeploymentPostprocessing = 0;
		};
/* End PBXResourcesBuildPhase section */

/* Begin PBXSourcesBuildPhase section */
		AF7D1A5620423337009ADAFC /* Sources */ = {
			isa = PBXSourcesBuildPhase;
			buildActionMask = 2147483647;
			files = (
				AF7D1A6020423337009ADAFC /* ViewController.swift in Sources */,
				AF7D1A5E20423337009ADAFC /* AppDelegate.swift in Sources */,
			);
			runOnlyForDeploymentPostprocessing = 0;
		};
		AF7D1A6A20423338009ADAFC /* Sources */ = {
			isa = PBXSourcesBuildPhase;
			buildActionMask = 2147483647;
			files = (
				AF7D1A7320423338009ADAFC /* _d_SnakeTests.swift in Sources */,
			);
			runOnlyForDeploymentPostprocessing = 0;
		};
		AF7D1A7520423338009ADAFC /* Sources */ = {
			isa = PBXSourcesBuildPhase;
			buildActionMask = 2147483647;
			files = (
				AF7D1A7E20423338009ADAFC /* _d_SnakeUITests.swift in Sources */,
			);
			runOnlyForDeploymentPostprocessing = 0;
		};
/* End PBXSourcesBuildPhase section */

/* Begin PBXTargetDependency section */
		AF7D1A7020423338009ADAFC /* PBXTargetDependency */ = {
			isa = PBXTargetDependency;
			target = AF7D1A5920423337009ADAFC /* 3d-Snake */;
			targetProxy = AF7D1A6F20423338009ADAFC /* PBXContainerItemProxy */;
		};
		AF7D1A7B20423338009ADAFC /* PBXTargetDependency */ = {
			isa = PBXTargetDependency;
			target = AF7D1A5920423337009ADAFC /* 3d-Snake */;
			targetProxy = AF7D1A7A20423338009ADAFC /* PBXContainerItemProxy */;
		};
/* End PBXTargetDependency section */

/* Begin PBXVariantGroup section */
		AF7D1A6120423337009ADAFC /* Main.storyboard */ = {
			isa = PBXVariantGroup;
			children = (
				AF7D1A6220423337009ADAFC /* Base */,
			);
			name = Main.storyboard;
			sourceTree = "<group>";
		};
		AF7D1A6620423337009ADAFC /* LaunchScreen.storyboard */ = {
			isa = PBXVariantGroup;
			children = (
				AF7D1A6720423337009ADAFC /* Base */,
			);
			name = LaunchScreen.storyboard;
			sourceTree = "<group>";
		};
/* End PBXVariantGroup section */

/* Begin XCBuildConfiguration section */
		AF7D1A8020423338009ADAFC /* Debug */ = {
			isa = XCBuildConfiguration;
			buildSettings = {
				ALWAYS_SEARCH_USER_PATHS = NO;
				CLANG_ANALYZER_NONNULL = YES;
				CLANG_ANALYZER_NUMBER_OBJECT_CONVERSION = YES_AGGRESSIVE;
				CLANG_CXX_LANGUAGE_STANDARD = "gnu++14";
				CLANG_CXX_LIBRARY = "libc++";
				CLANG_ENABLE_MODULES = YES;
				CLANG_ENABLE_OBJC_ARC = YES;
				CLANG_WARN_BLOCK_CAPTURE_AUTORELEASING = YES;
				CLANG_WARN_BOOL_CONVERSION = YES;
				CLANG_WARN_COMMA = YES;
				CLANG_WARN_CONSTANT_CONVERSION = YES;
				CLANG_WARN_DIRECT_OBJC_ISA_USAGE = YES_ERROR;
				CLANG_WARN_DOCUMENTATION_COMMENTS = YES;
				CLANG_WARN_EMPTY_BODY = YES;
				CLANG_WARN_ENUM_CONVERSION = YES;
				CLANG_WARN_INFINITE_RECURSION = YES;
				CLANG_WARN_INT_CONVERSION = YES;
				CLANG_WARN_NON_LITERAL_NULL_CONVERSION = YES;
				CLANG_WARN_OBJC_LITERAL_CONVERSION = YES;
				CLANG_WARN_OBJC_ROOT_CLASS = YES_ERROR;
				CLANG_WARN_RANGE_LOOP_ANALYSIS = YES;
				CLANG_WARN_STRICT_PROTOTYPES = YES;
				CLANG_WARN_SUSPICIOUS_MOVE = YES;
				CLANG_WARN_UNGUARDED_AVAILABILITY = YES_AGGRESSIVE;
				CLANG_WARN_UNREACHABLE_CODE = YES;
				CLANG_WARN__DUPLICATE_METHOD_MATCH = YES;
				CODE_SIGN_IDENTITY = "iPhone Developer";
				COPY_PHASE_STRIP = NO;
				DEBUG_INFORMATION_FORMAT = dwarf;
				ENABLE_STRICT_OBJC_MSGSEND = YES;
				ENABLE_TESTABILITY = YES;
				GCC_C_LANGUAGE_STANDARD = gnu11;
				GCC_DYNAMIC_NO_PIC = NO;
				GCC_NO_COMMON_BLOCKS = YES;
				GCC_OPTIMIZATION_LEVEL = 0;
				GCC_PREPROCESSOR_DEFINITIONS = (
					"DEBUG=1",
					"$(inherited)",
				);
				GCC_WARN_64_TO_32_BIT_CONVERSION = YES;
				GCC_WARN_ABOUT_RETURN_TYPE = YES_ERROR;
				GCC_WARN_UNDECLARED_SELECTOR = YES;
				GCC_WARN_UNINITIALIZED_AUTOS = YES_AGGRESSIVE;
				GCC_WARN_UNUSED_FUNCTION = YES;
				GCC_WARN_UNUSED_VARIABLE = YES;
				IPHONEOS_DEPLOYMENT_TARGET = 11.2;
				MTL_ENABLE_DEBUG_INFO = YES;
				ONLY_ACTIVE_ARCH = YES;
				SDKROOT = iphoneos;
				SWIFT_ACTIVE_COMPILATION_CONDITIONS = DEBUG;
				SWIFT_OPTIMIZATION_LEVEL = "-Onone";
			};
			name = Debug;
		};
		AF7D1A8120423338009ADAFC /* Release */ = {
			isa = XCBuildConfiguration;
			buildSettings = {
				ALWAYS_SEARCH_USER_PATHS = NO;
				CLANG_ANALYZER_NONNULL = YES;
				CLANG_ANALYZER_NUMBER_OBJECT_CONVERSION = YES_AGGRESSIVE;
				CLANG_CXX_LANGUAGE_STANDARD = "gnu++14";
				CLANG_CXX_LIBRARY = "libc++";
				CLANG_ENABLE_MODULES = YES;
				CLANG_ENABLE_OBJC_ARC = YES;
				CLANG_WARN_BLOCK_CAPTURE_AUTORELEASING = YES;
				CLANG_WARN_BOOL_CONVERSION = YES;
				CLANG_WARN_COMMA = YES;
				CLANG_WARN_CONSTANT_CONVERSION = YES;
				CLANG_WARN_DIRECT_OBJC_ISA_USAGE = YES_ERROR;
				CLANG_WARN_DOCUMENTATION_COMMENTS = YES;
				CLANG_WARN_EMPTY_BODY = YES;
				CLANG_WARN_ENUM_CONVERSION = YES;
				CLANG_WARN_INFINITE_RECURSION = YES;
				CLANG_WARN_INT_CONVERSION = YES;
				CLANG_WARN_NON_LITERAL_NULL_CONVERSION = YES;
				CLANG_WARN_OBJC_LITERAL_CONVERSION = YES;
				CLANG_WARN_OBJC_ROOT_CLASS = YES_ERROR;
				CLANG_WARN_RANGE_LOOP_ANALYSIS = YES;
				CLANG_WARN_STRICT_PROTOTYPES = YES;
				CLANG_WARN_SUSPICIOUS_MOVE = YES;
				CLANG_WARN_UNGUARDED_AVAILABILITY = YES_AGGRESSIVE;
				CLANG_WARN_UNREACHABLE_CODE = YES;
				CLANG_WARN__DUPLICATE_METHOD_MATCH = YES;
				CODE_SIGN_IDENTITY = "iPhone Developer";
				COPY_PHASE_STRIP = NO;
				DEBUG_INFORMATION_FORMAT = "dwarf-with-dsym";
				ENABLE_NS_ASSERTIONS = NO;
				ENABLE_STRICT_OBJC_MSGSEND = YES;
				GCC_C_LANGUAGE_STANDARD = gnu11;
				GCC_NO_COMMON_BLOCKS = YES;
				GCC_WARN_64_TO_32_BIT_CONVERSION = YES;
				GCC_WARN_ABOUT_RETURN_TYPE = YES_ERROR;
				GCC_WARN_UNDECLARED_SELECTOR = YES;
				GCC_WARN_UNINITIALIZED_AUTOS = YES_AGGRESSIVE;
				GCC_WARN_UNUSED_FUNCTION = YES;
				GCC_WARN_UNUSED_VARIABLE = YES;
				IPHONEOS_DEPLOYMENT_TARGET = 11.2;
				MTL_ENABLE_DEBUG_INFO = NO;
				SDKROOT = iphoneos;
				SWIFT_OPTIMIZATION_LEVEL = "-Owholemodule";
				VALIDATE_PRODUCT = YES;
			};
			name = Release;
		};
		AF7D1A8320423338009ADAFC /* Debug */ = {
			isa = XCBuildConfiguration;
			buildSettings = {
				ASSETCATALOG_COMPILER_APPICON_NAME = AppIcon;
				CODE_SIGN_STYLE = Automatic;
				DEVELOPMENT_TEAM = X2AQPNS928;
				INFOPLIST_FILE = "3d-Snake/Info.plist";
				LD_RUNPATH_SEARCH_PATHS = "$(inherited) @executable_path/Frameworks";
				PRODUCT_BUNDLE_IDENTIFIER = "com.arapp.snake.-d-Snake";
				PRODUCT_NAME = "$(TARGET_NAME)";
				SWIFT_VERSION = 4.0;
				TARGETED_DEVICE_FAMILY = "1,2";
			};
			name = Debug;
		};
		AF7D1A8420423338009ADAFC /* Release */ = {
			isa = XCBuildConfiguration;
			buildSettings = {
				ASSETCATALOG_COMPILER_APPICON_NAME = AppIcon;
				CODE_SIGN_STYLE = Automatic;
				DEVELOPMENT_TEAM = X2AQPNS928;
				INFOPLIST_FILE = "3d-Snake/Info.plist";
				LD_RUNPATH_SEARCH_PATHS = "$(inherited) @executable_path/Frameworks";
				PRODUCT_BUNDLE_IDENTIFIER = "com.arapp.snake.-d-Snake";
				PRODUCT_NAME = "$(TARGET_NAME)";
				SWIFT_VERSION = 4.0;
				TARGETED_DEVICE_FAMILY = "1,2";
			};
			name = Release;
		};
		AF7D1A8620423338009ADAFC /* Debug */ = {
			isa = XCBuildConfiguration;
			buildSettings = {
				ALWAYS_EMBED_SWIFT_STANDARD_LIBRARIES = YES;
				BUNDLE_LOADER = "$(TEST_HOST)";
				CODE_SIGN_STYLE = Automatic;
				DEVELOPMENT_TEAM = X2AQPNS928;
				INFOPLIST_FILE = "3d-SnakeTests/Info.plist";
				LD_RUNPATH_SEARCH_PATHS = "$(inherited) @executable_path/Frameworks @loader_path/Frameworks";
				PRODUCT_BUNDLE_IDENTIFIER = "com.arapp.snake.-d-SnakeTests";
				PRODUCT_NAME = "$(TARGET_NAME)";
				SWIFT_VERSION = 4.0;
				TARGETED_DEVICE_FAMILY = "1,2";
				TEST_HOST = "$(BUILT_PRODUCTS_DIR)/3d-Snake.app/3d-Snake";
			};
			name = Debug;
		};
		AF7D1A8720423338009ADAFC /* Release */ = {
			isa = XCBuildConfiguration;
			buildSettings = {
				ALWAYS_EMBED_SWIFT_STANDARD_LIBRARIES = YES;
				BUNDLE_LOADER = "$(TEST_HOST)";
				CODE_SIGN_STYLE = Automatic;
				DEVELOPMENT_TEAM = X2AQPNS928;
				INFOPLIST_FILE = "3d-SnakeTests/Info.plist";
				LD_RUNPATH_SEARCH_PATHS = "$(inherited) @executable_path/Frameworks @loader_path/Frameworks";
				PRODUCT_BUNDLE_IDENTIFIER = "com.arapp.snake.-d-SnakeTests";
				PRODUCT_NAME = "$(TARGET_NAME)";
				SWIFT_VERSION = 4.0;
				TARGETED_DEVICE_FAMILY = "1,2";
				TEST_HOST = "$(BUILT_PRODUCTS_DIR)/3d-Snake.app/3d-Snake";
			};
			name = Release;
		};
		AF7D1A8920423338009ADAFC /* Debug */ = {
			isa = XCBuildConfiguration;
			buildSettings = {
				ALWAYS_EMBED_SWIFT_STANDARD_LIBRARIES = YES;
				CODE_SIGN_STYLE = Automatic;
				DEVELOPMENT_TEAM = X2AQPNS928;
				INFOPLIST_FILE = "3d-SnakeUITests/Info.plist";
				LD_RUNPATH_SEARCH_PATHS = "$(inherited) @executable_path/Frameworks @loader_path/Frameworks";
				PRODUCT_BUNDLE_IDENTIFIER = "com.arapp.snake.-d-SnakeUITests";
				PRODUCT_NAME = "$(TARGET_NAME)";
				SWIFT_VERSION = 4.0;
				TARGETED_DEVICE_FAMILY = "1,2";
				TEST_TARGET_NAME = "3d-Snake";
			};
			name = Debug;
		};
		AF7D1A8A20423338009ADAFC /* Release */ = {
			isa = XCBuildConfiguration;
			buildSettings = {
				ALWAYS_EMBED_SWIFT_STANDARD_LIBRARIES = YES;
				CODE_SIGN_STYLE = Automatic;
				DEVELOPMENT_TEAM = X2AQPNS928;
				INFOPLIST_FILE = "3d-SnakeUITests/Info.plist";
				LD_RUNPATH_SEARCH_PATHS = "$(inherited) @executable_path/Frameworks @loader_path/Frameworks";
				PRODUCT_BUNDLE_IDENTIFIER = "com.arapp.snake.-d-SnakeUITests";
				PRODUCT_NAME = "$(TARGET_NAME)";
				SWIFT_VERSION = 4.0;
				TARGETED_DEVICE_FAMILY = "1,2";
				TEST_TARGET_NAME = "3d-Snake";
			};
			name = Release;
		};
/* End XCBuildConfiguration section */

/* Begin XCConfigurationList section */
		AF7D1A5520423337009ADAFC /* Build configuration list for PBXProject "3d-Snake" */ = {
			isa = XCConfigurationList;
			buildConfigurations = (
				AF7D1A8020423338009ADAFC /* Debug */,
				AF7D1A8120423338009ADAFC /* Release */,
			);
			defaultConfigurationIsVisible = 0;
			defaultConfigurationName = Release;
		};
		AF7D1A8220423338009ADAFC /* Build configuration list for PBXNativeTarget "3d-Snake" */ = {
			isa = XCConfigurationList;
			buildConfigurations = (
				AF7D1A8320423338009ADAFC /* Debug */,
				AF7D1A8420423338009ADAFC /* Release */,
			);
			defaultConfigurationIsVisible = 0;
			defaultConfigurationName = Release;
		};
		AF7D1A8520423338009ADAFC /* Build configuration list for PBXNativeTarget "3d-SnakeTests" */ = {
			isa = XCConfigurationList;
			buildConfigurations = (
				AF7D1A8620423338009ADAFC /* Debug */,
				AF7D1A8720423338009ADAFC /* Release */,
			);
			defaultConfigurationIsVisible = 0;
			defaultConfigurationName = Release;
		};
		AF7D1A8820423338009ADAFC /* Build configuration list for PBXNativeTarget "3d-SnakeUITests" */ = {
			isa = XCConfigurationList;
			buildConfigurations = (
				AF7D1A8920423338009ADAFC /* Debug */,
				AF7D1A8A20423338009ADAFC /* Release */,
			);
			defaultConfigurationIsVisible = 0;
			defaultConfigurationName = Release;
		};
/* End XCConfigurationList section */
	};
	rootObject = AF7D1A5220423337009ADAFC /* Project object */;
}
